
Microsoft Visual Studio Solution File, Format Version 12.00
# Visual Studio Version 17
VisualStudioVersion = 17.2.32630.192
MinimumVisualStudioVersion = 10.0.40219.1
Project("{FAE04EC0-301F-11D3-BF4B-00C04F79EFBC}") = "ExEnum", "ExEnum.csproj", "{F607CE71-CC14-474F-928C-298B889A5940}"
EndProject
Global
	GlobalSection(SolutionConfigurationPlatforms) = preSolution
		Debug|Any CPU = Debug|Any CPU
		Release|Any CPU = Release|Any CPU
	EndGlobalSection
	GlobalSection(ProjectConfigurationPlatforms) = postSolution
		{F607CE71-CC14-474F-928C-298B889A5940}.Debug|Any CPU.ActiveCfg = Debug|Any CPU
		{F607CE71-CC14-474F-928C-298B889A5940}.Debug|Any CPU.Build.0 = Debug|Any CPU
		{F607CE71-CC14-474F-928C-298B889A5940}.Release|Any CPU.ActiveCfg = Release|Any CPU
		{F607CE71-CC14-474F-928C-298B889A5940}.Release|Any CPU.Build.0 = Release|Any CPU
	EndGlobalSection
	GlobalSection(SolutionProperties) = preSolution
		HideSolutionNode = FALSE
	EndGlobalSection
	GlobalSection(ExtensibilityGlobals) = postSolution
		SolutionGuid = {A8B33A93-500E-43BC-B7D1-58A2758DAEC8}
	EndGlobalSection
EndGlobal
